// !$*UTF8*$!
{
	archiveVersion = 1;
	classes = {
	};
	objectVersion = 56;
	objects = {

/* Begin PBXBuildFile section */
		FB604FF42A8CBE52003B4E31 /* SwiftUICharts in Frameworks */ = {isa = PBXBuildFile; productRef = FB604FF32A8CBE51003B4E31 /* SwiftUICharts */; };
		FB604FF82A8CE3DB003B4E31 /* TransactionList.json in Resources */ = {isa = PBXBuildFile; fileRef = FB604FF72A8CE3DB003B4E31 /* TransactionList.json */; };
		FBC6A8682A8BEDE000A2B62D /* BankingApp.swift in Sources */ = {isa = PBXBuildFile; fileRef = FBC6A8672A8BEDE000A2B62D /* BankingApp.swift */; };
		FBC6A86A2A8BEDE000A2B62D /* ContentView.swift in Sources */ = {isa = PBXBuildFile; fileRef = FBC6A8692A8BEDE000A2B62D /* ContentView.swift */; };
		FBC6A86C2A8BEDE400A2B62D /* Assets.xcassets in Resources */ = {isa = PBXBuildFile; fileRef = FBC6A86B2A8BEDE400A2B62D /* Assets.xcassets */; };
		FBC6A86F2A8BEDE400A2B62D /* Preview Assets.xcassets in Resources */ = {isa = PBXBuildFile; fileRef = FBC6A86E2A8BEDE400A2B62D /* Preview Assets.xcassets */; };
		FBC6A8762A8BF23B00A2B62D /* Extensions.swift in Sources */ = {isa = PBXBuildFile; fileRef = FBC6A8752A8BF23B00A2B62D /* Extensions.swift */; };
		FBC6A8782A8BF92F00A2B62D /* TransactionModel.swift in Sources */ = {isa = PBXBuildFile; fileRef = FBC6A8772A8BF92F00A2B62D /* TransactionModel.swift */; };
		FBC6A87A2A8BF9BD00A2B62D /* PreviewData.swift in Sources */ = {isa = PBXBuildFile; fileRef = FBC6A8792A8BF9BD00A2B62D /* PreviewData.swift */; };
		FBC6A87C2A8BFB5700A2B62D /* TransactionRow.swift in Sources */ = {isa = PBXBuildFile; fileRef = FBC6A87B2A8BFB5700A2B62D /* TransactionRow.swift */; };
		FBC6A87E2A8BFD3D00A2B62D /* APIClient.swift in Sources */ = {isa = PBXBuildFile; fileRef = FBC6A87D2A8BFD3D00A2B62D /* APIClient.swift */; };
		FBC6A8802A8BFDF500A2B62D /* TransactionService.swift in Sources */ = {isa = PBXBuildFile; fileRef = FBC6A87F2A8BFDF500A2B62D /* TransactionService.swift */; };
		FBC6A8822A8C033000A2B62D /* TransactionListViewModel.swift in Sources */ = {isa = PBXBuildFile; fileRef = FBC6A8812A8C033000A2B62D /* TransactionListViewModel.swift */; };
		FBC6A8842A8C06AB00A2B62D /* RecentTransactionList.swift in Sources */ = {isa = PBXBuildFile; fileRef = FBC6A8832A8C06AB00A2B62D /* RecentTransactionList.swift */; };
		FBC6A8862A8C0A7D00A2B62D /* TransactionList.swift in Sources */ = {isa = PBXBuildFile; fileRef = FBC6A8852A8C0A7D00A2B62D /* TransactionList.swift */; };
		FBC6A8892A8C0BE600A2B62D /* Collections in Frameworks */ = {isa = PBXBuildFile; productRef = FBC6A8882A8C0BE600A2B62D /* Collections */; };
		FBC6A8962A8C204E00A2B62D /* BankingAppTests.swift in Sources */ = {isa = PBXBuildFile; fileRef = FBC6A8952A8C204E00A2B62D /* BankingAppTests.swift */; };
/* End PBXBuildFile section */

/* Begin PBXContainerItemProxy section */
		FBC6A8972A8C204E00A2B62D /* PBXContainerItemProxy */ = {
			isa = PBXContainerItemProxy;
			containerPortal = FBC6A85C2A8BEDE000A2B62D /* Project object */;
			proxyType = 1;
			remoteGlobalIDString = FBC6A8632A8BEDE000A2B62D;
			remoteInfo = BankingApp;
		};
/* End PBXContainerItemProxy section */

/* Begin PBXFileReference section */
		FB604FF72A8CE3DB003B4E31 /* TransactionList.json */ = {isa = PBXFileReference; fileEncoding = 4; lastKnownFileType = text.json; path = TransactionList.json; sourceTree = "<group>"; };
		FBC6A8642A8BEDE000A2B62D /* BankingApp.app */ = {isa = PBXFileReference; explicitFileType = wrapper.application; includeInIndex = 0; path = BankingApp.app; sourceTree = BUILT_PRODUCTS_DIR; };
		FBC6A8672A8BEDE000A2B62D /* BankingApp.swift */ = {isa = PBXFileReference; lastKnownFileType = sourcecode.swift; path = BankingApp.swift; sourceTree = "<group>"; };
		FBC6A8692A8BEDE000A2B62D /* ContentView.swift */ = {isa = PBXFileReference; lastKnownFileType = sourcecode.swift; path = ContentView.swift; sourceTree = "<group>"; };
		FBC6A86B2A8BEDE400A2B62D /* Assets.xcassets */ = {isa = PBXFileReference; lastKnownFileType = folder.assetcatalog; path = Assets.xcassets; sourceTree = "<group>"; };
		FBC6A86E2A8BEDE400A2B62D /* Preview Assets.xcassets */ = {isa = PBXFileReference; lastKnownFileType = folder.assetcatalog; path = "Preview Assets.xcassets"; sourceTree = "<group>"; };
		FBC6A8752A8BF23B00A2B62D /* Extensions.swift */ = {isa = PBXFileReference; lastKnownFileType = sourcecode.swift; path = Extensions.swift; sourceTree = "<group>"; };
		FBC6A8772A8BF92F00A2B62D /* TransactionModel.swift */ = {isa = PBXFileReference; lastKnownFileType = sourcecode.swift; path = TransactionModel.swift; sourceTree = "<group>"; };
		FBC6A8792A8BF9BD00A2B62D /* PreviewData.swift */ = {isa = PBXFileReference; lastKnownFileType = sourcecode.swift; path = PreviewData.swift; sourceTree = "<group>"; };
		FBC6A87B2A8BFB5700A2B62D /* TransactionRow.swift */ = {isa = PBXFileReference; lastKnownFileType = sourcecode.swift; path = TransactionRow.swift; sourceTree = "<group>"; };
		FBC6A87D2A8BFD3D00A2B62D /* APIClient.swift */ = {isa = PBXFileReference; lastKnownFileType = sourcecode.swift; path = APIClient.swift; sourceTree = "<group>"; };
		FBC6A87F2A8BFDF500A2B62D /* TransactionService.swift */ = {isa = PBXFileReference; lastKnownFileType = sourcecode.swift; path = TransactionService.swift; sourceTree = "<group>"; };
		FBC6A8812A8C033000A2B62D /* TransactionListViewModel.swift */ = {isa = PBXFileReference; lastKnownFileType = sourcecode.swift; path = TransactionListViewModel.swift; sourceTree = "<group>"; };
		FBC6A8832A8C06AB00A2B62D /* RecentTransactionList.swift */ = {isa = PBXFileReference; lastKnownFileType = sourcecode.swift; path = RecentTransactionList.swift; sourceTree = "<group>"; };
		FBC6A8852A8C0A7D00A2B62D /* TransactionList.swift */ = {isa = PBXFileReference; lastKnownFileType = sourcecode.swift; path = TransactionList.swift; sourceTree = "<group>"; };
		FBC6A8932A8C204E00A2B62D /* BankingAppTests.xctest */ = {isa = PBXFileReference; explicitFileType = wrapper.cfbundle; includeInIndex = 0; path = BankingAppTests.xctest; sourceTree = BUILT_PRODUCTS_DIR; };
		FBC6A8952A8C204E00A2B62D /* BankingAppTests.swift */ = {isa = PBXFileReference; lastKnownFileType = sourcecode.swift; path = BankingAppTests.swift; sourceTree = "<group>"; };
/* End PBXFileReference section */

/* Begin PBXFrameworksBuildPhase section */
		FBC6A8612A8BEDE000A2B62D /* Frameworks */ = {
			isa = PBXFrameworksBuildPhase;
			buildActionMask = 2147483647;
			files = (
				FBC6A8892A8C0BE600A2B62D /* Collections in Frameworks */,
				FB604FF42A8CBE52003B4E31 /* SwiftUICharts in Frameworks */,
			);
			runOnlyForDeploymentPostprocessing = 0;
		};
		FBC6A8902A8C204E00A2B62D /* Frameworks */ = {
			isa = PBXFrameworksBuildPhase;
			buildActionMask = 2147483647;
			files = (
			);
			runOnlyForDeploymentPostprocessing = 0;
		};
/* End PBXFrameworksBuildPhase section */

/* Begin PBXGroup section */
		FBC6A85B2A8BEDE000A2B62D = {
			isa = PBXGroup;
			children = (
				FBC6A8662A8BEDE000A2B62D /* BankingApp */,
				FBC6A8942A8C204E00A2B62D /* BankingAppTests */,
				FBC6A8652A8BEDE000A2B62D /* Products */,
			);
			sourceTree = "<group>";
		};
		FBC6A8652A8BEDE000A2B62D /* Products */ = {
			isa = PBXGroup;
			children = (
				FBC6A8642A8BEDE000A2B62D /* BankingApp.app */,
				FBC6A8932A8C204E00A2B62D /* BankingAppTests.xctest */,
			);
			name = Products;
			sourceTree = "<group>";
		};
		FBC6A8662A8BEDE000A2B62D /* BankingApp */ = {
			isa = PBXGroup;
			children = (
				FBC6A88E2A8C130E00A2B62D /* utility */,
				FBC6A88D2A8C12F800A2B62D /* model */,
				FBC6A88C2A8C12E900A2B62D /* viewmodel */,
				FBC6A88B2A8C12D100A2B62D /* Network */,
				FBC6A88A2A8C12A200A2B62D /* view */,
				FB604FF72A8CE3DB003B4E31 /* TransactionList.json */,
				FBC6A86B2A8BEDE400A2B62D /* Assets.xcassets */,
				FBC6A86D2A8BEDE400A2B62D /* Preview Content */,
			);
			path = BankingApp;
			sourceTree = "<group>";
		};
		FBC6A86D2A8BEDE400A2B62D /* Preview Content */ = {
			isa = PBXGroup;
			children = (
				FBC6A86E2A8BEDE400A2B62D /* Preview Assets.xcassets */,
				FBC6A8792A8BF9BD00A2B62D /* PreviewData.swift */,
			);
			path = "Preview Content";
			sourceTree = "<group>";
		};
		FBC6A88A2A8C12A200A2B62D /* view */ = {
			isa = PBXGroup;
			children = (
				FBC6A8672A8BEDE000A2B62D /* BankingApp.swift */,
				FBC6A8832A8C06AB00A2B62D /* RecentTransactionList.swift */,
				FBC6A8692A8BEDE000A2B62D /* ContentView.swift */,
				FBC6A8852A8C0A7D00A2B62D /* TransactionList.swift */,
				FBC6A87B2A8BFB5700A2B62D /* TransactionRow.swift */,
			);
			path = view;
			sourceTree = "<group>";
		};
		FBC6A88B2A8C12D100A2B62D /* Network */ = {
			isa = PBXGroup;
			children = (
				FBC6A87D2A8BFD3D00A2B62D /* APIClient.swift */,
				FBC6A87F2A8BFDF500A2B62D /* TransactionService.swift */,
			);
			path = Network;
			sourceTree = "<group>";
		};
		FBC6A88C2A8C12E900A2B62D /* viewmodel */ = {
			isa = PBXGroup;
			children = (
				FBC6A8812A8C033000A2B62D /* TransactionListViewModel.swift */,
			);
			path = viewmodel;
			sourceTree = "<group>";
		};
		FBC6A88D2A8C12F800A2B62D /* model */ = {
			isa = PBXGroup;
			children = (
				FBC6A8772A8BF92F00A2B62D /* TransactionModel.swift */,
			);
			path = model;
			sourceTree = "<group>";
		};
		FBC6A88E2A8C130E00A2B62D /* utility */ = {
			isa = PBXGroup;
			children = (
				FBC6A8752A8BF23B00A2B62D /* Extensions.swift */,
			);
			path = utility;
			sourceTree = "<group>";
		};
		FBC6A8942A8C204E00A2B62D /* BankingAppTests */ = {
			isa = PBXGroup;
			children = (
				FBC6A8952A8C204E00A2B62D /* BankingAppTests.swift */,
			);
			path = BankingAppTests;
			sourceTree = "<group>";
		};
/* End PBXGroup section */

/* Begin PBXNativeTarget section */
		FBC6A8632A8BEDE000A2B62D /* BankingApp */ = {
			isa = PBXNativeTarget;
			buildConfigurationList = FBC6A8722A8BEDE400A2B62D /* Build configuration list for PBXNativeTarget "BankingApp" */;
			buildPhases = (
				FBC6A8602A8BEDE000A2B62D /* Sources */,
				FBC6A8612A8BEDE000A2B62D /* Frameworks */,
				FBC6A8622A8BEDE000A2B62D /* Resources */,
			);
			buildRules = (
			);
			dependencies = (
			);
			name = BankingApp;
			packageProductDependencies = (
				FBC6A8882A8C0BE600A2B62D /* Collections */,
				FB604FF32A8CBE51003B4E31 /* SwiftUICharts */,
			);
			productName = BankingApp;
			productReference = FBC6A8642A8BEDE000A2B62D /* BankingApp.app */;
			productType = "com.apple.product-type.application";
		};
		FBC6A8922A8C204E00A2B62D /* BankingAppTests */ = {
			isa = PBXNativeTarget;
			buildConfigurationList = FBC6A8992A8C204E00A2B62D /* Build configuration list for PBXNativeTarget "BankingAppTests" */;
			buildPhases = (
				FBC6A88F2A8C204E00A2B62D /* Sources */,
				FBC6A8902A8C204E00A2B62D /* Frameworks */,
				FBC6A8912A8C204E00A2B62D /* Resources */,
			);
			buildRules = (
			);
			dependencies = (
				FBC6A8982A8C204E00A2B62D /* PBXTargetDependency */,
			);
			name = BankingAppTests;
			productName = BankingAppTests;
			productReference = FBC6A8932A8C204E00A2B62D /* BankingAppTests.xctest */;
			productType = "com.apple.product-type.bundle.unit-test";
		};
/* End PBXNativeTarget section */

/* Begin PBXProject section */
		FBC6A85C2A8BEDE000A2B62D /* Project object */ = {
			isa = PBXProject;
			attributes = {
				BuildIndependentTargetsInParallel = 1;
				LastSwiftUpdateCheck = 1420;
				LastUpgradeCheck = 1420;
				TargetAttributes = {
					FBC6A8632A8BEDE000A2B62D = {
						CreatedOnToolsVersion = 14.2;
					};
					FBC6A8922A8C204E00A2B62D = {
						CreatedOnToolsVersion = 14.2;
						TestTargetID = FBC6A8632A8BEDE000A2B62D;
					};
				};
			};
			buildConfigurationList = FBC6A85F2A8BEDE000A2B62D /* Build configuration list for PBXProject "BankingApp" */;
			compatibilityVersion = "Xcode 14.0";
			developmentRegion = en;
			hasScannedForEncodings = 0;
			knownRegions = (
				en,
				Base,
			);
			mainGroup = FBC6A85B2A8BEDE000A2B62D;
			packageReferences = (
				FBC6A8872A8C0BE600A2B62D /* XCRemoteSwiftPackageReference "swift-collections" */,
				FB604FF22A8CBE51003B4E31 /* XCRemoteSwiftPackageReference "ChartView" */,
			);
			productRefGroup = FBC6A8652A8BEDE000A2B62D /* Products */;
			projectDirPath = "";
			projectRoot = "";
			targets = (
				FBC6A8632A8BEDE000A2B62D /* BankingApp */,
				FBC6A8922A8C204E00A2B62D /* BankingAppTests */,
			);
		};
/* End PBXProject section */

/* Begin PBXResourcesBuildPhase section */
		FBC6A8622A8BEDE000A2B62D /* Resources */ = {
			isa = PBXResourcesBuildPhase;
			buildActionMask = 2147483647;
			files = (
				FB604FF82A8CE3DB003B4E31 /* TransactionList.json in Resources */,
				FBC6A86F2A8BEDE400A2B62D /* Preview Assets.xcassets in Resources */,
				FBC6A86C2A8BEDE400A2B62D /* Assets.xcassets in Resources */,
			);
			runOnlyForDeploymentPostprocessing = 0;
		};
		FBC6A8912A8C204E00A2B62D /* Resources */ = {
			isa = PBXResourcesBuildPhase;
			buildActionMask = 2147483647;
			files = (
			);
			runOnlyForDeploymentPostprocessing = 0;
		};
/* End PBXResourcesBuildPhase section */

/* Begin PBXSourcesBuildPhase section */
		FBC6A8602A8BEDE000A2B62D /* Sources */ = {
			isa = PBXSourcesBuildPhase;
			buildActionMask = 2147483647;
			files = (
				FBC6A87A2A8BF9BD00A2B62D /* PreviewData.swift in Sources */,
				FBC6A87E2A8BFD3D00A2B62D /* APIClient.swift in Sources */,
				FBC6A8802A8BFDF500A2B62D /* TransactionService.swift in Sources */,
				FBC6A8782A8BF92F00A2B62D /* TransactionModel.swift in Sources */,
				FBC6A8862A8C0A7D00A2B62D /* TransactionList.swift in Sources */,
				FBC6A8822A8C033000A2B62D /* TransactionListViewModel.swift in Sources */,
				FBC6A86A2A8BEDE000A2B62D /* ContentView.swift in Sources */,
				FBC6A87C2A8BFB5700A2B62D /* TransactionRow.swift in Sources */,
				FBC6A8762A8BF23B00A2B62D /* Extensions.swift in Sources */,
				FBC6A8682A8BEDE000A2B62D /* BankingApp.swift in Sources */,
				FBC6A8842A8C06AB00A2B62D /* RecentTransactionList.swift in Sources */,
			);
			runOnlyForDeploymentPostprocessing = 0;
		};
		FBC6A88F2A8C204E00A2B62D /* Sources */ = {
			isa = PBXSourcesBuildPhase;
			buildActionMask = 2147483647;
			files = (
				FBC6A8962A8C204E00A2B62D /* BankingAppTests.swift in Sources */,
			);
			runOnlyForDeploymentPostprocessing = 0;
		};
/* End PBXSourcesBuildPhase section */

/* Begin PBXTargetDependency section */
		FBC6A8982A8C204E00A2B62D /* PBXTargetDependency */ = {
			isa = PBXTargetDependency;
			target = FBC6A8632A8BEDE000A2B62D /* BankingApp */;
			targetProxy = FBC6A8972A8C204E00A2B62D /* PBXContainerItemProxy */;
		};
/* End PBXTargetDependency section */

/* Begin XCBuildConfiguration section */
		FBC6A8702A8BEDE400A2B62D /* Debug */ = {
			isa = XCBuildConfiguration;
			buildSettings = {
				ALWAYS_SEARCH_USER_PATHS = NO;
				CLANG_ANALYZER_NONNULL = YES;
				CLANG_ANALYZER_NUMBER_OBJECT_CONVERSION = YES_AGGRESSIVE;
				CLANG_CXX_LANGUAGE_STANDARD = "gnu++20";
				CLANG_ENABLE_MODULES = YES;
				CLANG_ENABLE_OBJC_ARC = YES;
				CLANG_ENABLE_OBJC_WEAK = YES;
				CLANG_WARN_BLOCK_CAPTURE_AUTORELEASING = YES;
				CLANG_WARN_BOOL_CONVERSION = YES;
				CLANG_WARN_COMMA = YES;
				CLANG_WARN_CONSTANT_CONVERSION = YES;
				CLANG_WARN_DEPRECATED_OBJC_IMPLEMENTATIONS = YES;
				CLANG_WARN_DIRECT_OBJC_ISA_USAGE = YES_ERROR;
				CLANG_WARN_DOCUMENTATION_COMMENTS = YES;
				CLANG_WARN_EMPTY_BODY = YES;
				CLANG_WARN_ENUM_CONVERSION = YES;
				CLANG_WARN_INFINITE_RECURSION = YES;
				CLANG_WARN_INT_CONVERSION = YES;
				CLANG_WARN_NON_LITERAL_NULL_CONVERSION = YES;
				CLANG_WARN_OBJC_IMPLICIT_RETAIN_SELF = YES;
				CLANG_WARN_OBJC_LITERAL_CONVERSION = YES;
				CLANG_WARN_OBJC_ROOT_CLASS = YES_ERROR;
				CLANG_WARN_QUOTED_INCLUDE_IN_FRAMEWORK_HEADER = YES;
				CLANG_WARN_RANGE_LOOP_ANALYSIS = YES;
				CLANG_WARN_STRICT_PROTOTYPES = YES;
				CLANG_WARN_SUSPICIOUS_MOVE = YES;
				CLANG_WARN_UNGUARDED_AVAILABILITY = YES_AGGRESSIVE;
				CLANG_WARN_UNREACHABLE_CODE = YES;
				CLANG_WARN__DUPLICATE_METHOD_MATCH = YES;
				COPY_PHASE_STRIP = NO;
				DEBUG_INFORMATION_FORMAT = dwarf;
				ENABLE_STRICT_OBJC_MSGSEND = YES;
				ENABLE_TESTABILITY = YES;
				GCC_C_LANGUAGE_STANDARD = gnu11;
				GCC_DYNAMIC_NO_PIC = NO;
				GCC_NO_COMMON_BLOCKS = YES;
				GCC_OPTIMIZATION_LEVEL = 0;
				GCC_PREPROCESSOR_DEFINITIONS = (
					"DEBUG=1",
					"$(inherited)",
				);
				GCC_WARN_64_TO_32_BIT_CONVERSION = YES;
				GCC_WARN_ABOUT_RETURN_TYPE = YES_ERROR;
				GCC_WARN_UNDECLARED_SELECTOR = YES;
				GCC_WARN_UNINITIALIZED_AUTOS = YES_AGGRESSIVE;
				GCC_WARN_UNUSED_FUNCTION = YES;
				GCC_WARN_UNUSED_VARIABLE = YES;
				IPHONEOS_DEPLOYMENT_TARGET = 16.2;
				MTL_ENABLE_DEBUG_INFO = INCLUDE_SOURCE;
				MTL_FAST_MATH = YES;
				ONLY_ACTIVE_ARCH = YES;
				SDKROOT = iphoneos;
				SWIFT_ACTIVE_COMPILATION_CONDITIONS = DEBUG;
				SWIFT_OPTIMIZATION_LEVEL = "-Onone";
			};
			name = Debug;
		};
		FBC6A8712A8BEDE400A2B62D /* Release */ = {
			isa = XCBuildConfiguration;
			buildSettings = {
				ALWAYS_SEARCH_USER_PATHS = NO;
				CLANG_ANALYZER_NONNULL = YES;
				CLANG_ANALYZER_NUMBER_OBJECT_CONVERSION = YES_AGGRESSIVE;
				CLANG_CXX_LANGUAGE_STANDARD = "gnu++20";
				CLANG_ENABLE_MODULES = YES;
				CLANG_ENABLE_OBJC_ARC = YES;
				CLANG_ENABLE_OBJC_WEAK = YES;
				CLANG_WARN_BLOCK_CAPTURE_AUTORELEASING = YES;
				CLANG_WARN_BOOL_CONVERSION = YES;
				CLANG_WARN_COMMA = YES;
				CLANG_WARN_CONSTANT_CONVERSION = YES;
				CLANG_WARN_DEPRECATED_OBJC_IMPLEMENTATIONS = YES;
				CLANG_WARN_DIRECT_OBJC_ISA_USAGE = YES_ERROR;
				CLANG_WARN_DOCUMENTATION_COMMENTS = YES;
				CLANG_WARN_EMPTY_BODY = YES;
				CLANG_WARN_ENUM_CONVERSION = YES;
				CLANG_WARN_INFINITE_RECURSION = YES;
				CLANG_WARN_INT_CONVERSION = YES;
				CLANG_WARN_NON_LITERAL_NULL_CONVERSION = YES;
				CLANG_WARN_OBJC_IMPLICIT_RETAIN_SELF = YES;
				CLANG_WARN_OBJC_LITERAL_CONVERSION = YES;
				CLANG_WARN_OBJC_ROOT_CLASS = YES_ERROR;
				CLANG_WARN_QUOTED_INCLUDE_IN_FRAMEWORK_HEADER = YES;
				CLANG_WARN_RANGE_LOOP_ANALYSIS = YES;
				CLANG_WARN_STRICT_PROTOTYPES = YES;
				CLANG_WARN_SUSPICIOUS_MOVE = YES;
				CLANG_WARN_UNGUARDED_AVAILABILITY = YES_AGGRESSIVE;
				CLANG_WARN_UNREACHABLE_CODE = YES;
				CLANG_WARN__DUPLICATE_METHOD_MATCH = YES;
				COPY_PHASE_STRIP = NO;
				DEBUG_INFORMATION_FORMAT = "dwarf-with-dsym";
				ENABLE_NS_ASSERTIONS = NO;
				ENABLE_STRICT_OBJC_MSGSEND = YES;
				GCC_C_LANGUAGE_STANDARD = gnu11;
				GCC_NO_COMMON_BLOCKS = YES;
				GCC_WARN_64_TO_32_BIT_CONVERSION = YES;
				GCC_WARN_ABOUT_RETURN_TYPE = YES_ERROR;
				GCC_WARN_UNDECLARED_SELECTOR = YES;
				GCC_WARN_UNINITIALIZED_AUTOS = YES_AGGRESSIVE;
				GCC_WARN_UNUSED_FUNCTION = YES;
				GCC_WARN_UNUSED_VARIABLE = YES;
				IPHONEOS_DEPLOYMENT_TARGET = 16.2;
				MTL_ENABLE_DEBUG_INFO = NO;
				MTL_FAST_MATH = YES;
				SDKROOT = iphoneos;
				SWIFT_COMPILATION_MODE = wholemodule;
				SWIFT_OPTIMIZATION_LEVEL = "-O";
				VALIDATE_PRODUCT = YES;
			};
			name = Release;
		};
		FBC6A8732A8BEDE400A2B62D /* Debug */ = {
			isa = XCBuildConfiguration;
			buildSettings = {
				ASSETCATALOG_COMPILER_APPICON_NAME = AppIcon;
				ASSETCATALOG_COMPILER_GLOBAL_ACCENT_COLOR_NAME = AccentColor;
				CODE_SIGN_STYLE = Automatic;
				CURRENT_PROJECT_VERSION = 1;
				DEVELOPMENT_ASSET_PATHS = "\"BankingApp/Preview Content\"";
				ENABLE_PREVIEWS = YES;
				GENERATE_INFOPLIST_FILE = YES;
				INFOPLIST_KEY_UIApplicationSceneManifest_Generation = YES;
				INFOPLIST_KEY_UIApplicationSupportsIndirectInputEvents = YES;
				INFOPLIST_KEY_UILaunchScreen_Generation = YES;
				INFOPLIST_KEY_UISupportedInterfaceOrientations_iPad = "UIInterfaceOrientationPortrait UIInterfaceOrientationPortraitUpsideDown UIInterfaceOrientationLandscapeLeft UIInterfaceOrientationLandscapeRight";
				INFOPLIST_KEY_UISupportedInterfaceOrientations_iPhone = "UIInterfaceOrientationPortrait UIInterfaceOrientationLandscapeLeft UIInterfaceOrientationLandscapeRight";
				LD_RUNPATH_SEARCH_PATHS = (
					"$(inherited)",
					"@executable_path/Frameworks",
				);
				MARKETING_VERSION = 1.0;
				PRODUCT_BUNDLE_IDENTIFIER = com.learning.BankingApp;
				PRODUCT_NAME = "$(TARGET_NAME)";
				SWIFT_EMIT_LOC_STRINGS = YES;
				SWIFT_VERSION = 5.0;
				TARGETED_DEVICE_FAMILY = "1,2";
			};
			name = Debug;
		};
		FBC6A8742A8BEDE400A2B62D /* Release */ = {
			isa = XCBuildConfiguration;
			buildSettings = {
				ASSETCATALOG_COMPILER_APPICON_NAME = AppIcon;
				ASSETCATALOG_COMPILER_GLOBAL_ACCENT_COLOR_NAME = AccentColor;
				CODE_SIGN_STYLE = Automatic;
				CURRENT_PROJECT_VERSION = 1;
				DEVELOPMENT_ASSET_PATHS = "\"BankingApp/Preview Content\"";
				ENABLE_PREVIEWS = YES;
				GENERATE_INFOPLIST_FILE = YES;
				INFOPLIST_KEY_UIApplicationSceneManifest_Generation = YES;
				INFOPLIST_KEY_UIApplicationSupportsIndirectInputEvents = YES;
				INFOPLIST_KEY_UILaunchScreen_Generation = YES;
				INFOPLIST_KEY_UISupportedInterfaceOrientations_iPad = "UIInterfaceOrientationPortrait UIInterfaceOrientationPortraitUpsideDown UIInterfaceOrientationLandscapeLeft UIInterfaceOrientationLandscapeRight";
				INFOPLIST_KEY_UISupportedInterfaceOrientations_iPhone = "UIInterfaceOrientationPortrait UIInterfaceOrientationLandscapeLeft UIInterfaceOrientationLandscapeRight";
				LD_RUNPATH_SEARCH_PATHS = (
					"$(inherited)",
					"@executable_path/Frameworks",
				);
				MARKETING_VERSION = 1.0;
				PRODUCT_BUNDLE_IDENTIFIER = com.learning.BankingApp;
				PRODUCT_NAME = "$(TARGET_NAME)";
				SWIFT_EMIT_LOC_STRINGS = YES;
				SWIFT_VERSION = 5.0;
				TARGETED_DEVICE_FAMILY = "1,2";
			};
			name = Release;
		};
		FBC6A89A2A8C204E00A2B62D /* Debug */ = {
			isa = XCBuildConfiguration;
			buildSettings = {
				BUNDLE_LOADER = "$(TEST_HOST)";
				CODE_SIGN_STYLE = Automatic;
				CURRENT_PROJECT_VERSION = 1;
				GENERATE_INFOPLIST_FILE = YES;
				MARKETING_VERSION = 1.0;
				PRODUCT_BUNDLE_IDENTIFIER = com.learning.BankingAppTests;
				PRODUCT_NAME = "$(TARGET_NAME)";
				SWIFT_EMIT_LOC_STRINGS = NO;
				SWIFT_VERSION = 5.0;
				TARGETED_DEVICE_FAMILY = "1,2";
				TEST_HOST = "$(BUILT_PRODUCTS_DIR)/BankingApp.app/$(BUNDLE_EXECUTABLE_FOLDER_PATH)/BankingApp";
			};
			name = Debug;
		};
		FBC6A89B2A8C204E00A2B62D /* Release */ = {
			isa = XCBuildConfiguration;
			buildSettings = {
				BUNDLE_LOADER = "$(TEST_HOST)";
				CODE_SIGN_STYLE = Automatic;
				CURRENT_PROJECT_VERSION = 1;
				GENERATE_INFOPLIST_FILE = YES;
				MARKETING_VERSION = 1.0;
				PRODUCT_BUNDLE_IDENTIFIER = com.learning.BankingAppTests;
				PRODUCT_NAME = "$(TARGET_NAME)";
				SWIFT_EMIT_LOC_STRINGS = NO;
				SWIFT_VERSION = 5.0;
				TARGETED_DEVICE_FAMILY = "1,2";
				TEST_HOST = "$(BUILT_PRODUCTS_DIR)/BankingApp.app/$(BUNDLE_EXECUTABLE_FOLDER_PATH)/BankingApp";
			};
			name = Release;
		};
/* End XCBuildConfiguration section */

/* Begin XCConfigurationList section */
		FBC6A85F2A8BEDE000A2B62D /* Build configuration list for PBXProject "BankingApp" */ = {
			isa = XCConfigurationList;
			buildConfigurations = (
				FBC6A8702A8BEDE400A2B62D /* Debug */,
				FBC6A8712A8BEDE400A2B62D /* Release */,
			);
			defaultConfigurationIsVisible = 0;
			defaultConfigurationName = Release;
		};
		FBC6A8722A8BEDE400A2B62D /* Build configuration list for PBXNativeTarget "BankingApp" */ = {
			isa = XCConfigurationList;
			buildConfigurations = (
				FBC6A8732A8BEDE400A2B62D /* Debug */,
				FBC6A8742A8BEDE400A2B62D /* Release */,
			);
			defaultConfigurationIsVisible = 0;
			defaultConfigurationName = Release;
		};
		FBC6A8992A8C204E00A2B62D /* Build configuration list for PBXNativeTarget "BankingAppTests" */ = {
			isa = XCConfigurationList;
			buildConfigurations = (
				FBC6A89A2A8C204E00A2B62D /* Debug */,
				FBC6A89B2A8C204E00A2B62D /* Release */,
			);
			defaultConfigurationIsVisible = 0;
			defaultConfigurationName = Release;
		};
/* End XCConfigurationList section */

/* Begin XCRemoteSwiftPackageReference section */
		FB604FF22A8CBE51003B4E31 /* XCRemoteSwiftPackageReference "ChartView" */ = {
			isa = XCRemoteSwiftPackageReference;
			repositoryURL = "https://github.com/AppPear/ChartView";
			requirement = {
				kind = exactVersion;
				version = "2.0.0-beta.2";
			};
		};
		FBC6A8872A8C0BE600A2B62D /* XCRemoteSwiftPackageReference "swift-collections" */ = {
			isa = XCRemoteSwiftPackageReference;
			repositoryURL = "https://github.com/apple/swift-collections.git";
			requirement = {
				kind = upToNextMajorVersion;
				minimumVersion = 1.0.0;
			};
		};
/* End XCRemoteSwiftPackageReference section */

/* Begin XCSwiftPackageProductDependency section */
		FB604FF32A8CBE51003B4E31 /* SwiftUICharts */ = {
			isa = XCSwiftPackageProductDependency;
			package = FB604FF22A8CBE51003B4E31 /* XCRemoteSwiftPackageReference "ChartView" */;
			productName = SwiftUICharts;
		};
		FBC6A8882A8C0BE600A2B62D /* Collections */ = {
			isa = XCSwiftPackageProductDependency;
			package = FBC6A8872A8C0BE600A2B62D /* XCRemoteSwiftPackageReference "swift-collections" */;
			productName = Collections;
		};
/* End XCSwiftPackageProductDependency section */
	};
	rootObject = FBC6A85C2A8BEDE000A2B62D /* Project object */;
}
